
Microsoft Visual Studio Solution File, Format Version 12.00
# Visual Studio Version 17
VisualStudioVersion = 17.4.33122.133
MinimumVisualStudioVersion = 10.0.40219.1
Project("{FAE04EC0-301F-11D3-BF4B-00C04F79EFBC}") = "ReviewsAnalyser", "ReviewsAnalyser.csproj", "{14243EFF-1179-47F2-93C5-DFBE7E0694DF}"
EndProject
Global
	GlobalSection(SolutionConfigurationPlatforms) = preSolution
		Debug|Any CPU = Debug|Any CPU
		Release|Any CPU = Release|Any CPU
	EndGlobalSection
	GlobalSection(ProjectConfigurationPlatforms) = postSolution
		{14243EFF-1179-47F2-93C5-DFBE7E0694DF}.Debug|Any CPU.ActiveCfg = Debug|Any CPU
		{14243EFF-1179-47F2-93C5-DFBE7E0694DF}.Debug|Any CPU.Build.0 = Debug|Any CPU
		{14243EFF-1179-47F2-93C5-DFBE7E0694DF}.Release|Any CPU.ActiveCfg = Release|Any CPU
		{14243EFF-1179-47F2-93C5-DFBE7E0694DF}.Release|Any CPU.Build.0 = Release|Any CPU
	EndGlobalSection
	GlobalSection(SolutionProperties) = preSolution
		HideSolutionNode = FALSE
	EndGlobalSection
	GlobalSection(ExtensibilityGlobals) = postSolution
		SolutionGuid = {F060728B-466A-44B0-8ABA-BF3CD752AF9F}
	EndGlobalSection
EndGlobal
